
Microsoft Visual Studio Solution File, Format Version 12.00
# Visual Studio Version 17
VisualStudioVersion = 17.4.33403.182
MinimumVisualStudioVersion = 10.0.40219.1
Project("{FAE04EC0-301F-11D3-BF4B-00C04F79EFBC}") = "CustomPokeAPI.API", "CustomPokeAPI\CustomPokeAPI.API.csproj", "{751AF104-8C27-4046-8548-CCF8B7D3379A}"
EndProject
Project("{FAE04EC0-301F-11D3-BF4B-00C04F79EFBC}") = "CustomPokeAPI.API.Test", "CustomPokeAPI.API.Test\CustomPokeAPI.API.Test.csproj", "{B61AE674-566D-4547-8246-133E842BC77C}"
EndProject
Project("{FAE04EC0-301F-11D3-BF4B-00C04F79EFBC}") = "CustomPokeAPI.Business.Test", "CustomPokeAPI.Business.Test\CustomPokeAPI.Business.Test.csproj", "{955A188F-04CA-474F-B7AE-A6D188A2311E}"
EndProject
Project("{FAE04EC0-301F-11D3-BF4B-00C04F79EFBC}") = "CustomPokeAPI.Business", "CustomPokeAPI.Business\CustomPokeAPI.Business.csproj", "{65EF1D4C-8CEB-482A-BF41-0FF207E93402}"
EndProject
Project("{FAE04EC0-301F-11D3-BF4B-00C04F79EFBC}") = "CustomPokeAPI.Data", "CustomPokeAPI.Data\CustomPokeAPI.Data.csproj", "{3457B4A0-C282-4D75-BF7F-C6CA789A786D}"
EndProject
Project("{FAE04EC0-301F-11D3-BF4B-00C04F79EFBC}") = "CustomPokeAPI.Services", "CustomPokeAPI.Services\CustomPokeAPI.Services.csproj", "{2E6A7AB1-F1C1-45F7-A538-D8BB68CE1923}"
EndProject
Global
	GlobalSection(SolutionConfigurationPlatforms) = preSolution
		Debug|Any CPU = Debug|Any CPU
		Release|Any CPU = Release|Any CPU
	EndGlobalSection
	GlobalSection(ProjectConfigurationPlatforms) = postSolution
		{751AF104-8C27-4046-8548-CCF8B7D3379A}.Debug|Any CPU.ActiveCfg = Debug|Any CPU
		{751AF104-8C27-4046-8548-CCF8B7D3379A}.Debug|Any CPU.Build.0 = Debug|Any CPU
		{751AF104-8C27-4046-8548-CCF8B7D3379A}.Release|Any CPU.ActiveCfg = Release|Any CPU
		{751AF104-8C27-4046-8548-CCF8B7D3379A}.Release|Any CPU.Build.0 = Release|Any CPU
		{B61AE674-566D-4547-8246-133E842BC77C}.Debug|Any CPU.ActiveCfg = Debug|Any CPU
		{B61AE674-566D-4547-8246-133E842BC77C}.Debug|Any CPU.Build.0 = Debug|Any CPU
		{B61AE674-566D-4547-8246-133E842BC77C}.Release|Any CPU.ActiveCfg = Release|Any CPU
		{B61AE674-566D-4547-8246-133E842BC77C}.Release|Any CPU.Build.0 = Release|Any CPU
		{955A188F-04CA-474F-B7AE-A6D188A2311E}.Debug|Any CPU.ActiveCfg = Debug|Any CPU
		{955A188F-04CA-474F-B7AE-A6D188A2311E}.Debug|Any CPU.Build.0 = Debug|Any CPU
		{955A188F-04CA-474F-B7AE-A6D188A2311E}.Release|Any CPU.ActiveCfg = Release|Any CPU
		{955A188F-04CA-474F-B7AE-A6D188A2311E}.Release|Any CPU.Build.0 = Release|Any CPU
		{65EF1D4C-8CEB-482A-BF41-0FF207E93402}.Debug|Any CPU.ActiveCfg = Debug|Any CPU
		{65EF1D4C-8CEB-482A-BF41-0FF207E93402}.Debug|Any CPU.Build.0 = Debug|Any CPU
		{65EF1D4C-8CEB-482A-BF41-0FF207E93402}.Release|Any CPU.ActiveCfg = Release|Any CPU
		{65EF1D4C-8CEB-482A-BF41-0FF207E93402}.Release|Any CPU.Build.0 = Release|Any CPU
		{3457B4A0-C282-4D75-BF7F-C6CA789A786D}.Debug|Any CPU.ActiveCfg = Debug|Any CPU
		{3457B4A0-C282-4D75-BF7F-C6CA789A786D}.Debug|Any CPU.Build.0 = Debug|Any CPU
		{3457B4A0-C282-4D75-BF7F-C6CA789A786D}.Release|Any CPU.ActiveCfg = Release|Any CPU
		{3457B4A0-C282-4D75-BF7F-C6CA789A786D}.Release|Any CPU.Build.0 = Release|Any CPU
		{2E6A7AB1-F1C1-45F7-A538-D8BB68CE1923}.Debug|Any CPU.ActiveCfg = Debug|Any CPU
		{2E6A7AB1-F1C1-45F7-A538-D8BB68CE1923}.Debug|Any CPU.Build.0 = Debug|Any CPU
		{2E6A7AB1-F1C1-45F7-A538-D8BB68CE1923}.Release|Any CPU.ActiveCfg = Release|Any CPU
		{2E6A7AB1-F1C1-45F7-A538-D8BB68CE1923}.Release|Any CPU.Build.0 = Release|Any CPU
	EndGlobalSection
	GlobalSection(SolutionProperties) = preSolution
		HideSolutionNode = FALSE
	EndGlobalSection
	GlobalSection(ExtensibilityGlobals) = postSolution
		SolutionGuid = {DA4317BD-47CB-44D4-8584-D1C04B1F4383}
	EndGlobalSection
EndGlobal
